# @generated - this file is auto-generated by `mise lock` https://mise.jdx.dev/dev-tools/mise-lock.html

[[tools.clojure]]
version = "1.12.5.1664"
backend = "vfox:clojure"

[tools.clojure."platforms.linux-arm64"]
url = "https://download.clojure.org/install/clojure-tools-1.12.5.1664.tar.gz"

[tools.clojure."platforms.linux-arm64-musl"]
url = "https://download.clojure.org/install/clojure-tools-1.12.5.1664.tar.gz"

[tools.clojure."platforms.linux-x64"]
url = "https://download.clojure.org/install/clojure-tools-1.12.5.1664.tar.gz"

[tools.clojure."platforms.linux-x64-musl"]
url = "https://download.clojure.org/install/clojure-tools-1.12.5.1664.tar.gz"

[tools.clojure."platforms.macos-arm64"]
url = "https://download.clojure.org/install/clojure-tools-1.12.5.1664.tar.gz"

[tools.clojure."platforms.macos-x64"]
url = "https://download.clojure.org/install/clojure-tools-1.12.5.1664.tar.gz"

[tools.clojure."platforms.windows-x64"]
url = "https://download.clojure.org/install/clojure-tools-1.12.5.1664.tar.gz"
