# @generated - this file is auto-generated by `mise lock` https://mise.jdx.dev/dev-tools/mise-lock.html

[[tools.clojure]]
version = "1.12.5.1664"
backend = "vfox:clojure"

[tools.clojure."platforms.linux-arm64"]
url = "https://download.clojure.org/install/clojure-tools-1.12.5.1664.tar.gz"

[tools.clojure."platforms.linux-arm64-musl"]
url = "https://download.clojure.org/install/clojure-tools-1.12.5.1664.tar.gz"

[tools.clojure."platforms.linux-x64"]
url = "https://download.clojure.org/install/clojure-tools-1.12.5.1664.tar.gz"

[tools.clojure."platforms.linux-x64-musl"]
url = "https://download.clojure.org/install/clojure-tools-1.12.5.1664.tar.gz"

[tools.clojure."platforms.macos-arm64"]
url = "https://download.clojure.org/install/clojure-tools-1.12.5.1664.tar.gz"

[tools.clojure."platforms.macos-x64"]
url = "https://download.clojure.org/install/clojure-tools-1.12.5.1664.tar.gz"

[tools.clojure."platforms.windows-x64"]
url = "https://download.clojure.org/install/clojure-tools-1.12.5.1664.tar.gz"

[[tools.pnpm]]
version = "11.24.0"
backend = "aqua:pnpm/pnpm"

[tools.pnpm."platforms.linux-arm64"]
checksum = "sha256:52f9cd410ef3bbb1cdd79c399b27772fa6d929bc3cf7c80ff3923a81e1c93be3"
url = "https://github.com/pnpm/pnpm/releases/download/v11.24.0/pnpm-linux-arm64.tar.gz"
url_api = "https://api.github.com/repos/pnpm/pnpm/releases/assets/527747053"
provenance = "github-attestations"

[tools.pnpm."platforms.linux-arm64-musl"]
checksum = "sha256:950160e3d1d039e0bd1f234da5a307fdc9c1d6b9c030683adfcb85f607c7d500"
url = "https://github.com/pnpm/pnpm/releases/download/v11.24.0/pnpm-linux-arm64-musl.tar.gz"
url_api = "https://api.github.com/repos/pnpm/pnpm/releases/assets/527747056"
provenance = "github-attestations"

[tools.pnpm."platforms.linux-x64"]
checksum = "sha256:0a9b76dedb5fe8cc5e7f3a9fd70854181cfb08a487ebaf0c9cfb044dc860936c"
url = "https://github.com/pnpm/pnpm/releases/download/v11.24.0/pnpm-linux-x64.tar.gz"
url_api = "https://api.github.com/repos/pnpm/pnpm/releases/assets/527747059"
provenance = "github-attestations"

[tools.pnpm."platforms.linux-x64-musl"]
checksum = "sha256:2fce00e10729d0c1f3836d499b908697fd3cd0832332651fbcee79c0a7442dcb"
url = "https://github.com/pnpm/pnpm/releases/download/v11.24.0/pnpm-linux-x64-musl.tar.gz"
url_api = "https://api.github.com/repos/pnpm/pnpm/releases/assets/527747057"
provenance = "github-attestations"

[tools.pnpm."platforms.macos-arm64"]
checksum = "sha256:c4df428b6c348b3037ba851359215065ce070d711dc96a9750052fdbfbe240d3"
url = "https://github.com/pnpm/pnpm/releases/download/v11.24.0/pnpm-darwin-arm64.tar.gz"
url_api = "https://api.github.com/repos/pnpm/pnpm/releases/assets/527747061"
provenance = "github-attestations"

[tools.pnpm."platforms.windows-x64"]
checksum = "sha256:c5ca642230551342a9fffafe508c181f346e2c79fcae2b1cae4c37ceb423481a"
url = "https://github.com/pnpm/pnpm/releases/download/v11.24.0/pnpm-win32-x64.zip"
url_api = "https://api.github.com/repos/pnpm/pnpm/releases/assets/527747055"
provenance = "github-attestations"
