dependencies:
  json5: 2.1.0
devDependencies:
  neovim: 4.5.0
lockfileVersion: 5.1
packages:
  /async/1.0.0:
    dev: true
    resolution:
      integrity: sha1-+PwEyjoTeErenhZBr5hXjPvWR6k=
  /colors/1.0.3:
    dev: true
    engines:
      node: '>=0.1.90'
    resolution:
      integrity: sha1-BDP0TYCWgP3rYO0mDxsMJi6CpAs=
  /cycle/1.0.3:
    dev: true
    engines:
      node: '>=0.4.0'
    resolution:
      integrity: sha1-IegLK+hYD5i0aPN5QwZisEbDStI=
  /event-lite/0.1.2:
    dev: true
    resolution:
      integrity: sha512-HnSYx1BsJ87/p6swwzv+2v6B4X+uxUteoDfRxsAb1S1BePzQqOLevVmkdA15GHJVd9A9Ok6wygUR18Hu0YeV9g==
  /eyes/0.1.8:
    dev: true
    engines:
      node: '> 0.1.90'
    resolution:
      integrity: sha1-Ys8SAjTGg3hdkCNIqADvPgzCC8A=
  /ieee754/1.1.13:
    dev: true
    resolution:
      integrity: sha512-4vf7I2LYV/HaWerSo3XmlMkp5eZ83i+/CDluXi/IGTs/O1sejBNhTtnxzmRZfvOUqj7lZjqHkeTvpgSFDlWZTg==
  /int64-buffer/0.1.10:
    dev: true
    resolution:
      integrity: sha1-J3siiofZWtd30HwTgyAiQGpHNCM=
  /isarray/1.0.0:
    dev: true
    resolution:
      integrity: sha1-u5NdSFgsuhaMBoNJV6VKPgcSTxE=
  /isexe/2.0.0:
    dev: true
    resolution:
      integrity: sha1-6PvzdNxVb/iUehDcsFctYz8s+hA=
  /isstream/0.1.2:
    dev: true
    resolution:
      integrity: sha1-R+Y/evVa+m+S4VAOaQ64uFKcCZo=
  /json5/2.1.0:
    dependencies:
      minimist: 1.2.0
    dev: false
    engines:
      node: '>=6'
    hasBin: true
    resolution:
      integrity: sha512-8Mh9h6xViijj36g7Dxi+Y4S6hNGV96vcJZr/SrlHh1LR/pEn/8j/+qIBbs44YKl69Lrfctp4QD+AdWLTMqEZAQ==
  /lodash/4.17.15:
    dev: true
    resolution:
      integrity: sha512-8xOcRHvCjnocdS5cpwXQXVzmmh5e5+saE2QGoeQmbKmRS6J3VQppPOIt0MnmE+4xlZoumy0GPG0D0MVIQbNA1A==
  /minimist/1.2.0:
    dev: false
    resolution:
      integrity: sha1-o1AIsg9BOD7sH7kU9M1d95omQoQ=
  /msgpack-lite/0.1.26:
    dependencies:
      event-lite: 0.1.2
      ieee754: 1.1.13
      int64-buffer: 0.1.10
      isarray: 1.0.0
    dev: true
    hasBin: true
    resolution:
      integrity: sha1-3TxQsm8FnyXn7e42REGDWOKprYk=
  /neovim/4.5.0:
    dependencies:
      lodash: 4.17.15
      msgpack-lite: 0.1.26
      semver: 5.7.1
      traverse: 0.6.6
      which: 1.3.1
      winston: 2.4.4
    dev: true
    hasBin: true
    resolution:
      integrity: sha512-+Q5EEIYIZG14NYAAQmvHHdYZ8hg0TbcsFo9vDf2rHhwidqdJv7jrDk0vQz+kUrNvhNQO/pqkBrZ08yEWZbD/0A==
  /semver/5.7.1:
    dev: true
    hasBin: true
    resolution:
      integrity: sha512-sauaDf/PZdVgrLTNYHRtpXa1iRiKcaebiKQ1BJdpQlWH2lCvexQdX55snPFyK7QzpudqbCI0qXFfOasHdyNDGQ==
  /stack-trace/0.0.10:
    dev: true
    resolution:
      integrity: sha1-VHxws0fo0ytOEI6hoqFZ5f3eGcA=
  /traverse/0.6.6:
    dev: true
    resolution:
      integrity: sha1-y99WD9e5r2MlAv7UD5GMFX6pcTc=
  /which/1.3.1:
    dependencies:
      isexe: 2.0.0
    dev: true
    hasBin: true
    resolution:
      integrity: sha512-HxJdYWq1MTIQbJ3nw0cqssHoTNU267KlrDuGZ1WYlxDStUtKUhOaJmh112/TZmHxxUfuJqPXSOm7tDyas0OSIQ==
  /winston/2.4.4:
    dependencies:
      async: 1.0.0
      colors: 1.0.3
      cycle: 1.0.3
      eyes: 0.1.8
      isstream: 0.1.2
      stack-trace: 0.0.10
    dev: true
    engines:
      node: '>= 0.10.0'
    resolution:
      integrity: sha512-NBo2Pepn4hK4V01UfcWcDlmiVTs7VTB1h7bgnB0rgP146bYhMxX0ypCz3lBOfNxCO4Zuek7yeT+y/zM1OfMw4Q==
specifiers:
  json5: ^2.1.0
  neovim: ^4.5.0
