{
  "name": "hyper-plugins",
  "version": "0.0.1",
  "lockfileVersion": 3,
  "requires": true,
  "packages": {
    "": {
      "name": "hyper-plugins",
      "version": "0.0.1",
      "license": "MIT",
      "dependencies": {
        "hyper-monokai-pro": "latest"
      }
    },
    "node_modules/color": {
      "version": "3.2.1",
      "resolved": "https://artifactory-edge.expedia.biz/artifactory/api/npm/public-npm-virtual/color/-/color-3.2.1.tgz",
      "integrity": "sha512-aBl7dZI9ENN6fUGC7mWpMTPNHmWUSNan9tuWN6ahh5ZLNk9baLJOnSMlrQkHcrfFgz2/RigjUVAjdx36VcemKA==",
      "license": "MIT",
      "dependencies": {
        "color-convert": "^1.9.3",
        "color-string": "^1.6.0"
      }
    },
    "node_modules/color-convert": {
      "version": "1.9.3",
      "resolved": "https://artifactory-edge.expedia.biz/artifactory/api/npm/public-npm-virtual/color-convert/-/color-convert-1.9.3.tgz",
      "integrity": "sha512-QfAUtd+vFdAtFQcC8CCyYt1fYWxSqAiK2cSD6zDB8N3cpsEBAvRxp9zOGg6G/SHHJYAT88/az/IuDGALsNVbGg==",
      "license": "MIT",
      "dependencies": {
        "color-name": "1.1.3"
      }
    },
    "node_modules/color-name": {
      "version": "1.1.3",
      "resolved": "https://artifactory-edge.expedia.biz/artifactory/api/npm/public-npm-virtual/color-name/-/color-name-1.1.3.tgz",
      "integrity": "sha512-72fSenhMw2HZMTVHeCA9KCmpEIbzWiQsjN+BHcBbS9vr1mtt+vJjPdksIBNUmKAW8TFUDPJK5SUU3QhE9NEXDw==",
      "license": "MIT"
    },
    "node_modules/color-string": {
      "version": "1.9.1",
      "resolved": "https://artifactory-edge.expedia.biz/artifactory/api/npm/public-npm-virtual/color-string/-/color-string-1.9.1.tgz",
      "integrity": "sha512-shrVawQFojnZv6xM40anx4CkoDP+fZsw/ZerEMsW/pyzsRbElpsL/DBVW7q3ExxwusdNXI3lXpuhEZkzs8p5Eg==",
      "license": "MIT",
      "dependencies": {
        "color-name": "^1.0.0",
        "simple-swizzle": "^0.2.2"
      }
    },
    "node_modules/hyper-monokai-pro": {
      "version": "0.3.1",
      "resolved": "https://artifactory-edge.expedia.biz/artifactory/api/npm/public-npm-virtual/hyper-monokai-pro/-/hyper-monokai-pro-0.3.1.tgz",
      "integrity": "sha512-N0zGPpzrI74XlvnoLidJQUmRAiYcJ+6gN6Cmcd9LNAPItd1f9nML2XB9gnK8OygavQVqFBDRK2J1XyJ6wMeM8A==",
      "license": "MIT",
      "dependencies": {
        "color": "^3.1.2"
      }
    },
    "node_modules/is-arrayish": {
      "version": "0.3.4",
      "resolved": "https://artifactory-edge.expedia.biz/artifactory/api/npm/public-npm-virtual/is-arrayish/-/is-arrayish-0.3.4.tgz",
      "integrity": "sha512-m6UrgzFVUYawGBh1dUsWR5M2Clqic9RVXC/9f8ceNlv2IcO9j9J/z8UoCLPqtsPBFNzEpfR3xftohbfqDx8EQA==",
      "license": "MIT"
    },
    "node_modules/simple-swizzle": {
      "version": "0.2.4",
      "resolved": "https://artifactory-edge.expedia.biz/artifactory/api/npm/public-npm-virtual/simple-swizzle/-/simple-swizzle-0.2.4.tgz",
      "integrity": "sha512-nAu1WFPQSMNr2Zn9PGSZK9AGn4t/y97lEm+MXTtUDwfP0ksAIX4nO+6ruD9Jwut4C49SB1Ws+fbXsm/yScWOHw==",
      "license": "MIT",
      "dependencies": {
        "is-arrayish": "^0.3.1"
      }
    }
  }
}
